
Microsoft Visual Studio Solution File, Format Version 12.00
# Visual Studio Version 16
VisualStudioVersion = 16.0.31019.35
MinimumVisualStudioVersion = 10.0.40219.1
Project("{FAE04EC0-301F-11D3-BF4B-00C04F79EFBC}") = "encapsulamento", "encapsulamento.csproj", "{86F271F9-DC16-4484-93B8-E1C98A739595}"
EndProject
Global
	GlobalSection(SolutionConfigurationPlatforms) = preSolution
		Debug|Any CPU = Debug|Any CPU
		Release|Any CPU = Release|Any CPU
	EndGlobalSection
	GlobalSection(ProjectConfigurationPlatforms) = postSolution
		{86F271F9-DC16-4484-93B8-E1C98A739595}.Debug|Any CPU.ActiveCfg = Debug|Any CPU
		{86F271F9-DC16-4484-93B8-E1C98A739595}.Debug|Any CPU.Build.0 = Debug|Any CPU
		{86F271F9-DC16-4484-93B8-E1C98A739595}.Release|Any CPU.ActiveCfg = Release|Any CPU
		{86F271F9-DC16-4484-93B8-E1C98A739595}.Release|Any CPU.Build.0 = Release|Any CPU
	EndGlobalSection
	GlobalSection(SolutionProperties) = preSolution
		HideSolutionNode = FALSE
	EndGlobalSection
	GlobalSection(ExtensibilityGlobals) = postSolution
		SolutionGuid = {1D6947FC-7128-4547-A84C-1AE0691D6627}
	EndGlobalSection
EndGlobal
