
Microsoft Visual Studio Solution File, Format Version 12.00
# Visual Studio Version 16
VisualStudioVersion = 16.0.31019.35
MinimumVisualStudioVersion = 10.0.40219.1
Project("{FAE04EC0-301F-11D3-BF4B-00C04F79EFBC}") = "Polimorfismo", "Polimorfismo.csproj", "{B01D47D0-F036-4D76-85F0-849D6306B26D}"
EndProject
Global
	GlobalSection(SolutionConfigurationPlatforms) = preSolution
		Debug|Any CPU = Debug|Any CPU
		Release|Any CPU = Release|Any CPU
	EndGlobalSection
	GlobalSection(ProjectConfigurationPlatforms) = postSolution
		{B01D47D0-F036-4D76-85F0-849D6306B26D}.Debug|Any CPU.ActiveCfg = Debug|Any CPU
		{B01D47D0-F036-4D76-85F0-849D6306B26D}.Debug|Any CPU.Build.0 = Debug|Any CPU
		{B01D47D0-F036-4D76-85F0-849D6306B26D}.Release|Any CPU.ActiveCfg = Release|Any CPU
		{B01D47D0-F036-4D76-85F0-849D6306B26D}.Release|Any CPU.Build.0 = Release|Any CPU
	EndGlobalSection
	GlobalSection(SolutionProperties) = preSolution
		HideSolutionNode = FALSE
	EndGlobalSection
	GlobalSection(ExtensibilityGlobals) = postSolution
		SolutionGuid = {DA418676-5ADF-4BE6-B7BF-9BEFECCA67B8}
	EndGlobalSection
EndGlobal
