
Microsoft Visual Studio Solution File, Format Version 12.00
# Visual Studio Version 16
VisualStudioVersion = 16.0.31112.23
MinimumVisualStudioVersion = 10.0.40219.1
Project("{FAE04EC0-301F-11D3-BF4B-00C04F79EFBC}") = "TipoDeLetra", "TipoDeLetra\TipoDeLetra.csproj", "{40790206-3741-40AE-81C8-E24F9D52ECFF}"
EndProject
Global
	GlobalSection(SolutionConfigurationPlatforms) = preSolution
		Debug|Any CPU = Debug|Any CPU
		Release|Any CPU = Release|Any CPU
	EndGlobalSection
	GlobalSection(ProjectConfigurationPlatforms) = postSolution
		{40790206-3741-40AE-81C8-E24F9D52ECFF}.Debug|Any CPU.ActiveCfg = Debug|Any CPU
		{40790206-3741-40AE-81C8-E24F9D52ECFF}.Debug|Any CPU.Build.0 = Debug|Any CPU
		{40790206-3741-40AE-81C8-E24F9D52ECFF}.Release|Any CPU.ActiveCfg = Release|Any CPU
		{40790206-3741-40AE-81C8-E24F9D52ECFF}.Release|Any CPU.Build.0 = Release|Any CPU
	EndGlobalSection
	GlobalSection(SolutionProperties) = preSolution
		HideSolutionNode = FALSE
	EndGlobalSection
	GlobalSection(ExtensibilityGlobals) = postSolution
		SolutionGuid = {1B8CD14F-96EF-42F3-A5E6-18EBD119F908}
	EndGlobalSection
EndGlobal
