
Microsoft Visual Studio Solution File, Format Version 12.00
# Visual Studio Version 16
VisualStudioVersion = 16.0.31112.23
MinimumVisualStudioVersion = 10.0.40219.1
Project("{FAE04EC0-301F-11D3-BF4B-00C04F79EFBC}") = "Calculadora", "Calculadora\Calculadora.csproj", "{3AE9664D-4D8E-4F97-A67D-F36B87B34690}"
EndProject
Global
	GlobalSection(SolutionConfigurationPlatforms) = preSolution
		Debug|Any CPU = Debug|Any CPU
		Release|Any CPU = Release|Any CPU
	EndGlobalSection
	GlobalSection(ProjectConfigurationPlatforms) = postSolution
		{3AE9664D-4D8E-4F97-A67D-F36B87B34690}.Debug|Any CPU.ActiveCfg = Debug|Any CPU
		{3AE9664D-4D8E-4F97-A67D-F36B87B34690}.Debug|Any CPU.Build.0 = Debug|Any CPU
		{3AE9664D-4D8E-4F97-A67D-F36B87B34690}.Release|Any CPU.ActiveCfg = Release|Any CPU
		{3AE9664D-4D8E-4F97-A67D-F36B87B34690}.Release|Any CPU.Build.0 = Release|Any CPU
	EndGlobalSection
	GlobalSection(SolutionProperties) = preSolution
		HideSolutionNode = FALSE
	EndGlobalSection
	GlobalSection(ExtensibilityGlobals) = postSolution
		SolutionGuid = {3E995B7C-293B-4149-8B4D-6FEC0B8E9BAF}
	EndGlobalSection
EndGlobal
