
Microsoft Visual Studio Solution File, Format Version 12.00
# Visual Studio Version 16
VisualStudioVersion = 16.0.31019.35
MinimumVisualStudioVersion = 10.0.40219.1
Project("{FAE04EC0-301F-11D3-BF4B-00C04F79EFBC}") = "DataHora", "DataHora.csproj", "{A9EC577A-8FA9-4CC1-87A1-EBC10A5F7431}"
EndProject
Global
	GlobalSection(SolutionConfigurationPlatforms) = preSolution
		Debug|Any CPU = Debug|Any CPU
		Release|Any CPU = Release|Any CPU
	EndGlobalSection
	GlobalSection(ProjectConfigurationPlatforms) = postSolution
		{A9EC577A-8FA9-4CC1-87A1-EBC10A5F7431}.Debug|Any CPU.ActiveCfg = Debug|Any CPU
		{A9EC577A-8FA9-4CC1-87A1-EBC10A5F7431}.Debug|Any CPU.Build.0 = Debug|Any CPU
		{A9EC577A-8FA9-4CC1-87A1-EBC10A5F7431}.Release|Any CPU.ActiveCfg = Release|Any CPU
		{A9EC577A-8FA9-4CC1-87A1-EBC10A5F7431}.Release|Any CPU.Build.0 = Release|Any CPU
	EndGlobalSection
	GlobalSection(SolutionProperties) = preSolution
		HideSolutionNode = FALSE
	EndGlobalSection
	GlobalSection(ExtensibilityGlobals) = postSolution
		SolutionGuid = {95F6C862-55CC-4CC2-B7E8-03B553100964}
	EndGlobalSection
EndGlobal
