
Microsoft Visual Studio Solution File, Format Version 12.00
# Visual Studio Version 16
VisualStudioVersion = 16.0.31019.35
MinimumVisualStudioVersion = 10.0.40219.1
Project("{FAE04EC0-301F-11D3-BF4B-00C04F79EFBC}") = "FicheirosTexto", "FicheirosTexto.csproj", "{28458B31-EF4B-4F6E-A597-6B849494FF8B}"
EndProject
Global
	GlobalSection(SolutionConfigurationPlatforms) = preSolution
		Debug|Any CPU = Debug|Any CPU
		Release|Any CPU = Release|Any CPU
	EndGlobalSection
	GlobalSection(ProjectConfigurationPlatforms) = postSolution
		{28458B31-EF4B-4F6E-A597-6B849494FF8B}.Debug|Any CPU.ActiveCfg = Debug|Any CPU
		{28458B31-EF4B-4F6E-A597-6B849494FF8B}.Debug|Any CPU.Build.0 = Debug|Any CPU
		{28458B31-EF4B-4F6E-A597-6B849494FF8B}.Release|Any CPU.ActiveCfg = Release|Any CPU
		{28458B31-EF4B-4F6E-A597-6B849494FF8B}.Release|Any CPU.Build.0 = Release|Any CPU
	EndGlobalSection
	GlobalSection(SolutionProperties) = preSolution
		HideSolutionNode = FALSE
	EndGlobalSection
	GlobalSection(ExtensibilityGlobals) = postSolution
		SolutionGuid = {4B67C3B5-4BC2-42A6-9FF3-B6AFA6705127}
	EndGlobalSection
EndGlobal
