
Microsoft Visual Studio Solution File, Format Version 12.00
# Visual Studio Version 16
VisualStudioVersion = 16.0.31112.23
MinimumVisualStudioVersion = 10.0.40219.1
Project("{FAE04EC0-301F-11D3-BF4B-00C04F79EFBC}") = "CaixaDialogo", "CaixaDialogo\CaixaDialogo.csproj", "{C867C758-15F2-4148-870B-E2D0A55922AF}"
EndProject
Global
	GlobalSection(SolutionConfigurationPlatforms) = preSolution
		Debug|Any CPU = Debug|Any CPU
		Release|Any CPU = Release|Any CPU
	EndGlobalSection
	GlobalSection(ProjectConfigurationPlatforms) = postSolution
		{C867C758-15F2-4148-870B-E2D0A55922AF}.Debug|Any CPU.ActiveCfg = Debug|Any CPU
		{C867C758-15F2-4148-870B-E2D0A55922AF}.Debug|Any CPU.Build.0 = Debug|Any CPU
		{C867C758-15F2-4148-870B-E2D0A55922AF}.Release|Any CPU.ActiveCfg = Release|Any CPU
		{C867C758-15F2-4148-870B-E2D0A55922AF}.Release|Any CPU.Build.0 = Release|Any CPU
	EndGlobalSection
	GlobalSection(SolutionProperties) = preSolution
		HideSolutionNode = FALSE
	EndGlobalSection
	GlobalSection(ExtensibilityGlobals) = postSolution
		SolutionGuid = {1D17B0C9-82D9-4129-B1A9-0B414CA1079E}
	EndGlobalSection
EndGlobal
